
Microsoft Visual Studio Solution File, Format Version 12.00
# Visual Studio Version 17
VisualStudioVersion = 17.7.34024.191
MinimumVisualStudioVersion = 10.0.40219.1
Project("{9A19103F-16F7-4668-BE54-9A1E7A4F7556}") = "PersonDetails.Api", "PersonDetails.Api\PersonDetails.Api.csproj", "{09DE8D32-3188-454F-9EC9-F492D26DCAA6}"
EndProject
Project("{9A19103F-16F7-4668-BE54-9A1E7A4F7556}") = "PersonDetails.Tests", "PersonDetails.Tests\PersonDetails.Tests.csproj", "{5DABE87E-F1C4-4308-BB12-2FA58A815D90}"
EndProject
Project("{2150E333-8FDC-42A3-9474-1A3956D46DE8}") = "src", "src", "{69C3CFE1-9DD7-4D3F-9684-D2C237C92A3C}"
	ProjectSection(SolutionItems) = preProject
		..\.dockerignore = ..\.dockerignore
		..\docker-compose.yml = ..\docker-compose.yml
		..\init-mongo.js = ..\init-mongo.js
	EndProjectSection
EndProject
Global
	GlobalSection(SolutionConfigurationPlatforms) = preSolution
		Debug|Any CPU = Debug|Any CPU
		Release|Any CPU = Release|Any CPU
	EndGlobalSection
	GlobalSection(ProjectConfigurationPlatforms) = postSolution
		{09DE8D32-3188-454F-9EC9-F492D26DCAA6}.Debug|Any CPU.ActiveCfg = Debug|Any CPU
		{09DE8D32-3188-454F-9EC9-F492D26DCAA6}.Debug|Any CPU.Build.0 = Debug|Any CPU
		{09DE8D32-3188-454F-9EC9-F492D26DCAA6}.Release|Any CPU.ActiveCfg = Release|Any CPU
		{09DE8D32-3188-454F-9EC9-F492D26DCAA6}.Release|Any CPU.Build.0 = Release|Any CPU
		{5DABE87E-F1C4-4308-BB12-2FA58A815D90}.Debug|Any CPU.ActiveCfg = Debug|Any CPU
		{5DABE87E-F1C4-4308-BB12-2FA58A815D90}.Debug|Any CPU.Build.0 = Debug|Any CPU
		{5DABE87E-F1C4-4308-BB12-2FA58A815D90}.Release|Any CPU.ActiveCfg = Release|Any CPU
		{5DABE87E-F1C4-4308-BB12-2FA58A815D90}.Release|Any CPU.Build.0 = Release|Any CPU
	EndGlobalSection
	GlobalSection(SolutionProperties) = preSolution
		HideSolutionNode = FALSE
	EndGlobalSection
	GlobalSection(ExtensibilityGlobals) = postSolution
		SolutionGuid = {2DDFC790-7017-47E9-9A07-462BFBD91D76}
	EndGlobalSection
EndGlobal
